
Microsoft Visual Studio Solution File, Format Version 12.00
# Visual Studio Version 17
VisualStudioVersion = 17.12.35707.178
MinimumVisualStudioVersion = 10.0.40219.1
Project("{FAE04EC0-301F-11D3-BF4B-00C04F79EFBC}") = "NZ Walk", "NZ Walk.csproj", "{2589D8D4-8589-4805-B119-16E485D6D61A}"
EndProject
Project("{FAE04EC0-301F-11D3-BF4B-00C04F79EFBC}") = "NZWalkUI", "..\NZWalkUI\NZWalkUI.csproj", "{F3D8CAD8-4F37-4458-99FE-6E190AA85295}"
EndProject
Global
	GlobalSection(SolutionConfigurationPlatforms) = preSolution
		Debug|Any CPU = Debug|Any CPU
		Release|Any CPU = Release|Any CPU
	EndGlobalSection
	GlobalSection(ProjectConfigurationPlatforms) = postSolution
		{2589D8D4-8589-4805-B119-16E485D6D61A}.Debug|Any CPU.ActiveCfg = Debug|Any CPU
		{2589D8D4-8589-4805-B119-16E485D6D61A}.Debug|Any CPU.Build.0 = Debug|Any CPU
		{2589D8D4-8589-4805-B119-16E485D6D61A}.Release|Any CPU.ActiveCfg = Release|Any CPU
		{2589D8D4-8589-4805-B119-16E485D6D61A}.Release|Any CPU.Build.0 = Release|Any CPU
		{F3D8CAD8-4F37-4458-99FE-6E190AA85295}.Debug|Any CPU.ActiveCfg = Debug|Any CPU
		{F3D8CAD8-4F37-4458-99FE-6E190AA85295}.Debug|Any CPU.Build.0 = Debug|Any CPU
		{F3D8CAD8-4F37-4458-99FE-6E190AA85295}.Release|Any CPU.ActiveCfg = Release|Any CPU
		{F3D8CAD8-4F37-4458-99FE-6E190AA85295}.Release|Any CPU.Build.0 = Release|Any CPU
	EndGlobalSection
	GlobalSection(SolutionProperties) = preSolution
		HideSolutionNode = FALSE
	EndGlobalSection
EndGlobal
